
Microsoft Visual Studio Solution File, Format Version 12.00
# Visual Studio Version 16
VisualStudioVersion = 16.0.36631.11
MinimumVisualStudioVersion = 10.0.40219.1
Project("{FAE04EC0-301F-11D3-BF4B-00C04F79EFBC}") = "朝礼コメント抽選", "朝礼コメント抽選.csproj", "{D6EA022A-8758-4AE4-9387-D9CE0DC79396}"
EndProject
Global
	GlobalSection(SolutionConfigurationPlatforms) = preSolution
		Debug|Any CPU = Debug|Any CPU
		Release|Any CPU = Release|Any CPU
	EndGlobalSection
	GlobalSection(ProjectConfigurationPlatforms) = postSolution
		{D6EA022A-8758-4AE4-9387-D9CE0DC79396}.Debug|Any CPU.ActiveCfg = Debug|Any CPU
		{D6EA022A-8758-4AE4-9387-D9CE0DC79396}.Debug|Any CPU.Build.0 = Debug|Any CPU
		{D6EA022A-8758-4AE4-9387-D9CE0DC79396}.Release|Any CPU.ActiveCfg = Release|Any CPU
		{D6EA022A-8758-4AE4-9387-D9CE0DC79396}.Release|Any CPU.Build.0 = Release|Any CPU
	EndGlobalSection
	GlobalSection(SolutionProperties) = preSolution
		HideSolutionNode = FALSE
	EndGlobalSection
	GlobalSection(ExtensibilityGlobals) = postSolution
		SolutionGuid = {27FEA140-1DE4-44B2-AB43-DF71513070BA}
	EndGlobalSection
EndGlobal
